// !$*UTF8*$!
{
	archiveVersion = 1;
	classes = {
	};
	objectVersion = 56;
	objects = {

/* Begin PBXBuildFile section */
		79A9AC20297BD72C00F31A15 /* Matronome Watch App.app in Embed Watch Content */ = {isa = PBXBuildFile; fileRef = 79A9AC1F297BD72C00F31A15 /* Matronome Watch App.app */; settings = {ATTRIBUTES = (RemoveHeadersOnCopy, ); }; };
		79A9AC25297BD72C00F31A15 /* MatronomeApp.swift in Sources */ = {isa = PBXBuildFile; fileRef = 79A9AC24297BD72C00F31A15 /* MatronomeApp.swift */; };
		79A9AC27297BD72C00F31A15 /* ContentView.swift in Sources */ = {isa = PBXBuildFile; fileRef = 79A9AC26297BD72C00F31A15 /* ContentView.swift */; };
		79A9AC29297BD72D00F31A15 /* Assets.xcassets in Resources */ = {isa = PBXBuildFile; fileRef = 79A9AC28297BD72D00F31A15 /* Assets.xcassets */; };
		79A9AC2C297BD72D00F31A15 /* Preview Assets.xcassets in Resources */ = {isa = PBXBuildFile; fileRef = 79A9AC2B297BD72D00F31A15 /* Preview Assets.xcassets */; };
/* End PBXBuildFile section */

/* Begin PBXContainerItemProxy section */
		79A9AC21297BD72C00F31A15 /* PBXContainerItemProxy */ = {
			isa = PBXContainerItemProxy;
			containerPortal = 79A9AC13297BD72C00F31A15 /* Project object */;
			proxyType = 1;
			remoteGlobalIDString = 79A9AC1E297BD72C00F31A15;
			remoteInfo = "Matronome Watch App";
		};
/* End PBXContainerItemProxy section */

/* Begin PBXCopyFilesBuildPhase section */
		79A9AC32297BD72D00F31A15 /* Embed Watch Content */ = {
			isa = PBXCopyFilesBuildPhase;
			buildActionMask = 2147483647;
			dstPath = "$(CONTENTS_FOLDER_PATH)/Watch";
			dstSubfolderSpec = 16;
			files = (
				79A9AC20297BD72C00F31A15 /* Matronome Watch App.app in Embed Watch Content */,
			);
			name = "Embed Watch Content";
			runOnlyForDeploymentPostprocessing = 0;
		};
/* End PBXCopyFilesBuildPhase section */

/* Begin PBXFileReference section */
		79A9AC19297BD72C00F31A15 /* Matronome.app */ = {isa = PBXFileReference; explicitFileType = wrapper.application; includeInIndex = 0; path = Matronome.app; sourceTree = BUILT_PRODUCTS_DIR; };
		79A9AC1F297BD72C00F31A15 /* Matronome Watch App.app */ = {isa = PBXFileReference; explicitFileType = wrapper.application; includeInIndex = 0; path = "Matronome Watch App.app"; sourceTree = BUILT_PRODUCTS_DIR; };
		79A9AC24297BD72C00F31A15 /* MatronomeApp.swift */ = {isa = PBXFileReference; lastKnownFileType = sourcecode.swift; path = MatronomeApp.swift; sourceTree = "<group>"; };
		79A9AC26297BD72C00F31A15 /* ContentView.swift */ = {isa = PBXFileReference; lastKnownFileType = sourcecode.swift; path = ContentView.swift; sourceTree = "<group>"; };
		79A9AC28297BD72D00F31A15 /* Assets.xcassets */ = {isa = PBXFileReference; lastKnownFileType = folder.assetcatalog; path = Assets.xcassets; sourceTree = "<group>"; };
		79A9AC2B297BD72D00F31A15 /* Preview Assets.xcassets */ = {isa = PBXFileReference; lastKnownFileType = folder.assetcatalog; path = "Preview Assets.xcassets"; sourceTree = "<group>"; };
/* End PBXFileReference section */

/* Begin PBXFrameworksBuildPhase section */
		79A9AC1C297BD72C00F31A15 /* Frameworks */ = {
			isa = PBXFrameworksBuildPhase;
			buildActionMask = 2147483647;
			files = (
			);
			runOnlyForDeploymentPostprocessing = 0;
		};
/* End PBXFrameworksBuildPhase section */

/* Begin PBXGroup section */
		79A9AC12297BD72C00F31A15 = {
			isa = PBXGroup;
			children = (
				79A9AC23297BD72C00F31A15 /* Matronome Watch App */,
				79A9AC1A297BD72C00F31A15 /* Products */,
			);
			sourceTree = "<group>";
		};
		79A9AC1A297BD72C00F31A15 /* Products */ = {
			isa = PBXGroup;
			children = (
				79A9AC19297BD72C00F31A15 /* Matronome.app */,
				79A9AC1F297BD72C00F31A15 /* Matronome Watch App.app */,
			);
			name = Products;
			sourceTree = "<group>";
		};
		79A9AC23297BD72C00F31A15 /* Matronome Watch App */ = {
			isa = PBXGroup;
			children = (
				79A9AC24297BD72C00F31A15 /* MatronomeApp.swift */,
				79A9AC26297BD72C00F31A15 /* ContentView.swift */,
				79A9AC28297BD72D00F31A15 /* Assets.xcassets */,
				79A9AC2A297BD72D00F31A15 /* Preview Content */,
			);
			path = "Matronome Watch App";
			sourceTree = "<group>";
		};
		79A9AC2A297BD72D00F31A15 /* Preview Content */ = {
			isa = PBXGroup;
			children = (
				79A9AC2B297BD72D00F31A15 /* Preview Assets.xcassets */,
			);
			path = "Preview Content";
			sourceTree = "<group>";
		};
/* End PBXGroup section */

/* Begin PBXNativeTarget section */
		79A9AC18297BD72C00F31A15 /* Matronome */ = {
			isa = PBXNativeTarget;
			buildConfigurationList = 79A9AC33297BD72D00F31A15 /* Build configuration list for PBXNativeTarget "Matronome" */;
			buildPhases = (
				79A9AC17297BD72C00F31A15 /* Resources */,
				79A9AC32297BD72D00F31A15 /* Embed Watch Content */,
			);
			buildRules = (
			);
			dependencies = (
				79A9AC22297BD72C00F31A15 /* PBXTargetDependency */,
			);
			name = Matronome;
			productName = Matronome;
			productReference = 79A9AC19297BD72C00F31A15 /* Matronome.app */;
			productType = "com.apple.product-type.application.watchapp2-container";
		};
		79A9AC1E297BD72C00F31A15 /* Matronome Watch App */ = {
			isa = PBXNativeTarget;
			buildConfigurationList = 79A9AC2F297BD72D00F31A15 /* Build configuration list for PBXNativeTarget "Matronome Watch App" */;
			buildPhases = (
				79A9AC1B297BD72C00F31A15 /* Sources */,
				79A9AC1C297BD72C00F31A15 /* Frameworks */,
				79A9AC1D297BD72C00F31A15 /* Resources */,
			);
			buildRules = (
			);
			dependencies = (
			);
			name = "Matronome Watch App";
			productName = "Matronome Watch App";
			productReference = 79A9AC1F297BD72C00F31A15 /* Matronome Watch App.app */;
			productType = "com.apple.product-type.application";
		};
/* End PBXNativeTarget section */

/* Begin PBXProject section */
		79A9AC13297BD72C00F31A15 /* Project object */ = {
			isa = PBXProject;
			attributes = {
				BuildIndependentTargetsInParallel = 1;
				LastSwiftUpdateCheck = 1420;
				LastUpgradeCheck = 1420;
				TargetAttributes = {
					79A9AC18297BD72C00F31A15 = {
						CreatedOnToolsVersion = 14.2;
					};
					79A9AC1E297BD72C00F31A15 = {
						CreatedOnToolsVersion = 14.2;
					};
				};
			};
			buildConfigurationList = 79A9AC16297BD72C00F31A15 /* Build configuration list for PBXProject "Matronome" */;
			compatibilityVersion = "Xcode 14.0";
			developmentRegion = en;
			hasScannedForEncodings = 0;
			knownRegions = (
				en,
				Base,
			);
			mainGroup = 79A9AC12297BD72C00F31A15;
			productRefGroup = 79A9AC1A297BD72C00F31A15 /* Products */;
			projectDirPath = "";
			projectRoot = "";
			targets = (
				79A9AC18297BD72C00F31A15 /* Matronome */,
				79A9AC1E297BD72C00F31A15 /* Matronome Watch App */,
			);
		};
/* End PBXProject section */

/* Begin PBXResourcesBuildPhase section */
		79A9AC17297BD72C00F31A15 /* Resources */ = {
			isa = PBXResourcesBuildPhase;
			buildActionMask = 2147483647;
			files = (
			);
			runOnlyForDeploymentPostprocessing = 0;
		};
		79A9AC1D297BD72C00F31A15 /* Resources */ = {
			isa = PBXResourcesBuildPhase;
			buildActionMask = 2147483647;
			files = (
				79A9AC2C297BD72D00F31A15 /* Preview Assets.xcassets in Resources */,
				79A9AC29297BD72D00F31A15 /* Assets.xcassets in Resources */,
			);
			runOnlyForDeploymentPostprocessing = 0;
		};
/* End PBXResourcesBuildPhase section */

/* Begin PBXSourcesBuildPhase section */
		79A9AC1B297BD72C00F31A15 /* Sources */ = {
			isa = PBXSourcesBuildPhase;
			buildActionMask = 2147483647;
			files = (
				79A9AC27297BD72C00F31A15 /* ContentView.swift in Sources */,
				79A9AC25297BD72C00F31A15 /* MatronomeApp.swift in Sources */,
			);
			runOnlyForDeploymentPostprocessing = 0;
		};
/* End PBXSourcesBuildPhase section */

/* Begin PBXTargetDependency section */
		79A9AC22297BD72C00F31A15 /* PBXTargetDependency */ = {
			isa = PBXTargetDependency;
			target = 79A9AC1E297BD72C00F31A15 /* Matronome Watch App */;
			targetProxy = 79A9AC21297BD72C00F31A15 /* PBXContainerItemProxy */;
		};
/* End PBXTargetDependency section */

/* Begin XCBuildConfiguration section */
		79A9AC2D297BD72D00F31A15 /* Debug */ = {
			isa = XCBuildConfiguration;
			buildSettings = {
				ALWAYS_SEARCH_USER_PATHS = NO;
				CLANG_ANALYZER_NONNULL = YES;
				CLANG_ANALYZER_NUMBER_OBJECT_CONVERSION = YES_AGGRESSIVE;
				CLANG_CXX_LANGUAGE_STANDARD = "gnu++20";
				CLANG_ENABLE_MODULES = YES;
				CLANG_ENABLE_OBJC_ARC = YES;
				CLANG_ENABLE_OBJC_WEAK = YES;
				CLANG_WARN_BLOCK_CAPTURE_AUTORELEASING = YES;
				CLANG_WARN_BOOL_CONVERSION = YES;
				CLANG_WARN_COMMA = YES;
				CLANG_WARN_CONSTANT_CONVERSION = YES;
				CLANG_WARN_DEPRECATED_OBJC_IMPLEMENTATIONS = YES;
				CLANG_WARN_DIRECT_OBJC_ISA_USAGE = YES_ERROR;
				CLANG_WARN_DOCUMENTATION_COMMENTS = YES;
				CLANG_WARN_EMPTY_BODY = YES;
				CLANG_WARN_ENUM_CONVERSION = YES;
				CLANG_WARN_INFINITE_RECURSION = YES;
				CLANG_WARN_INT_CONVERSION = YES;
				CLANG_WARN_NON_LITERAL_NULL_CONVERSION = YES;
				CLANG_WARN_OBJC_IMPLICIT_RETAIN_SELF = YES;
				CLANG_WARN_OBJC_LITERAL_CONVERSION = YES;
				CLANG_WARN_OBJC_ROOT_CLASS = YES_ERROR;
				CLANG_WARN_QUOTED_INCLUDE_IN_FRAMEWORK_HEADER = YES;
				CLANG_WARN_RANGE_LOOP_ANALYSIS = YES;
				CLANG_WARN_STRICT_PROTOTYPES = YES;
				CLANG_WARN_SUSPICIOUS_MOVE = YES;
				CLANG_WARN_UNGUARDED_AVAILABILITY = YES_AGGRESSIVE;
				CLANG_WARN_UNREACHABLE_CODE = YES;
				CLANG_WARN__DUPLICATE_METHOD_MATCH = YES;
				COPY_PHASE_STRIP = NO;
				DEBUG_INFORMATION_FORMAT = dwarf;
				ENABLE_STRICT_OBJC_MSGSEND = YES;
				ENABLE_TESTABILITY = YES;
				GCC_C_LANGUAGE_STANDARD = gnu11;
				GCC_DYNAMIC_NO_PIC = NO;
				GCC_NO_COMMON_BLOCKS = YES;
				GCC_OPTIMIZATION_LEVEL = 0;
				GCC_PREPROCESSOR_DEFINITIONS = (
					"DEBUG=1",
					"$(inherited)",
				);
				GCC_WARN_64_TO_32_BIT_CONVERSION = YES;
				GCC_WARN_ABOUT_RETURN_TYPE = YES_ERROR;
				GCC_WARN_UNDECLARED_SELECTOR = YES;
				GCC_WARN_UNINITIALIZED_AUTOS = YES_AGGRESSIVE;
				GCC_WARN_UNUSED_FUNCTION = YES;
				GCC_WARN_UNUSED_VARIABLE = YES;
				MTL_ENABLE_DEBUG_INFO = INCLUDE_SOURCE;
				MTL_FAST_MATH = YES;
				ONLY_ACTIVE_ARCH = YES;
				SWIFT_ACTIVE_COMPILATION_CONDITIONS = DEBUG;
				SWIFT_OPTIMIZATION_LEVEL = "-Onone";
			};
			name = Debug;
		};
		79A9AC2E297BD72D00F31A15 /* Release */ = {
			isa = XCBuildConfiguration;
			buildSettings = {
				ALWAYS_SEARCH_USER_PATHS = NO;
				CLANG_ANALYZER_NONNULL = YES;
				CLANG_ANALYZER_NUMBER_OBJECT_CONVERSION = YES_AGGRESSIVE;
				CLANG_CXX_LANGUAGE_STANDARD = "gnu++20";
				CLANG_ENABLE_MODULES = YES;
				CLANG_ENABLE_OBJC_ARC = YES;
				CLANG_ENABLE_OBJC_WEAK = YES;
				CLANG_WARN_BLOCK_CAPTURE_AUTORELEASING = YES;
				CLANG_WARN_BOOL_CONVERSION = YES;
				CLANG_WARN_COMMA = YES;
				CLANG_WARN_CONSTANT_CONVERSION = YES;
				CLANG_WARN_DEPRECATED_OBJC_IMPLEMENTATIONS = YES;
				CLANG_WARN_DIRECT_OBJC_ISA_USAGE = YES_ERROR;
				CLANG_WARN_DOCUMENTATION_COMMENTS = YES;
				CLANG_WARN_EMPTY_BODY = YES;
				CLANG_WARN_ENUM_CONVERSION = YES;
				CLANG_WARN_INFINITE_RECURSION = YES;
				CLANG_WARN_INT_CONVERSION = YES;
				CLANG_WARN_NON_LITERAL_NULL_CONVERSION = YES;
				CLANG_WARN_OBJC_IMPLICIT_RETAIN_SELF = YES;
				CLANG_WARN_OBJC_LITERAL_CONVERSION = YES;
				CLANG_WARN_OBJC_ROOT_CLASS = YES_ERROR;
				CLANG_WARN_QUOTED_INCLUDE_IN_FRAMEWORK_HEADER = YES;
				CLANG_WARN_RANGE_LOOP_ANALYSIS = YES;
				CLANG_WARN_STRICT_PROTOTYPES = YES;
				CLANG_WARN_SUSPICIOUS_MOVE = YES;
				CLANG_WARN_UNGUARDED_AVAILABILITY = YES_AGGRESSIVE;
				CLANG_WARN_UNREACHABLE_CODE = YES;
				CLANG_WARN__DUPLICATE_METHOD_MATCH = YES;
				COPY_PHASE_STRIP = NO;
				DEBUG_INFORMATION_FORMAT = "dwarf-with-dsym";
				ENABLE_NS_ASSERTIONS = NO;
				ENABLE_STRICT_OBJC_MSGSEND = YES;
				GCC_C_LANGUAGE_STANDARD = gnu11;
				GCC_NO_COMMON_BLOCKS = YES;
				GCC_WARN_64_TO_32_BIT_CONVERSION = YES;
				GCC_WARN_ABOUT_RETURN_TYPE = YES_ERROR;
				GCC_WARN_UNDECLARED_SELECTOR = YES;
				GCC_WARN_UNINITIALIZED_AUTOS = YES_AGGRESSIVE;
				GCC_WARN_UNUSED_FUNCTION = YES;
				GCC_WARN_UNUSED_VARIABLE = YES;
				MTL_ENABLE_DEBUG_INFO = NO;
				MTL_FAST_MATH = YES;
				SWIFT_COMPILATION_MODE = wholemodule;
				SWIFT_OPTIMIZATION_LEVEL = "-O";
			};
			name = Release;
		};
		79A9AC30297BD72D00F31A15 /* Debug */ = {
			isa = XCBuildConfiguration;
			buildSettings = {
				ASSETCATALOG_COMPILER_APPICON_NAME = AppIcon;
				ASSETCATALOG_COMPILER_GLOBAL_ACCENT_COLOR_NAME = AccentColor;
				CODE_SIGN_STYLE = Automatic;
				CURRENT_PROJECT_VERSION = 1;
				DEVELOPMENT_ASSET_PATHS = "\"Matronome Watch App/Preview Content\"";
				DEVELOPMENT_TEAM = PK2NRTCS5P;
				ENABLE_PREVIEWS = YES;
				GENERATE_INFOPLIST_FILE = YES;
				INFOPLIST_KEY_CFBundleDisplayName = Matronome;
				INFOPLIST_KEY_UISupportedInterfaceOrientations = "UIInterfaceOrientationPortrait UIInterfaceOrientationPortraitUpsideDown";
				INFOPLIST_KEY_WKWatchOnly = YES;
				LD_RUNPATH_SEARCH_PATHS = (
					"$(inherited)",
					"@executable_path/Frameworks",
				);
				MARKETING_VERSION = 1.0;
				PRODUCT_BUNDLE_IDENTIFIER = com.yung.Matronome.watchkitapp;
				PRODUCT_NAME = "$(TARGET_NAME)";
				SDKROOT = watchos;
				SKIP_INSTALL = YES;
				SWIFT_EMIT_LOC_STRINGS = YES;
				SWIFT_VERSION = 5.0;
				TARGETED_DEVICE_FAMILY = 4;
				WATCHOS_DEPLOYMENT_TARGET = 9.1;
			};
			name = Debug;
		};
		79A9AC31297BD72D00F31A15 /* Release */ = {
			isa = XCBuildConfiguration;
			buildSettings = {
				ASSETCATALOG_COMPILER_APPICON_NAME = AppIcon;
				ASSETCATALOG_COMPILER_GLOBAL_ACCENT_COLOR_NAME = AccentColor;
				CODE_SIGN_STYLE = Automatic;
				CURRENT_PROJECT_VERSION = 1;
				DEVELOPMENT_ASSET_PATHS = "\"Matronome Watch App/Preview Content\"";
				DEVELOPMENT_TEAM = PK2NRTCS5P;
				ENABLE_PREVIEWS = YES;
				GENERATE_INFOPLIST_FILE = YES;
				INFOPLIST_KEY_CFBundleDisplayName = Matronome;
				INFOPLIST_KEY_UISupportedInterfaceOrientations = "UIInterfaceOrientationPortrait UIInterfaceOrientationPortraitUpsideDown";
				INFOPLIST_KEY_WKWatchOnly = YES;
				LD_RUNPATH_SEARCH_PATHS = (
					"$(inherited)",
					"@executable_path/Frameworks",
				);
				MARKETING_VERSION = 1.0;
				PRODUCT_BUNDLE_IDENTIFIER = com.yung.Matronome.watchkitapp;
				PRODUCT_NAME = "$(TARGET_NAME)";
				SDKROOT = watchos;
				SKIP_INSTALL = YES;
				SWIFT_EMIT_LOC_STRINGS = YES;
				SWIFT_VERSION = 5.0;
				TARGETED_DEVICE_FAMILY = 4;
				VALIDATE_PRODUCT = YES;
				WATCHOS_DEPLOYMENT_TARGET = 9.1;
			};
			name = Release;
		};
		79A9AC34297BD72D00F31A15 /* Debug */ = {
			isa = XCBuildConfiguration;
			buildSettings = {
				ALWAYS_EMBED_SWIFT_STANDARD_LIBRARIES = YES;
				CODE_SIGN_STYLE = Automatic;
				CURRENT_PROJECT_VERSION = 1;
				DEVELOPMENT_TEAM = PK2NRTCS5P;
				INFOPLIST_KEY_CFBundleDisplayName = Matronome;
				MARKETING_VERSION = 1.0;
				PRODUCT_BUNDLE_IDENTIFIER = com.yung.Matronome;
				PRODUCT_NAME = "$(TARGET_NAME)";
				SDKROOT = iphoneos;
				SWIFT_VERSION = 5.0;
			};
			name = Debug;
		};
		79A9AC35297BD72D00F31A15 /* Release */ = {
			isa = XCBuildConfiguration;
			buildSettings = {
				ALWAYS_EMBED_SWIFT_STANDARD_LIBRARIES = YES;
				CODE_SIGN_STYLE = Automatic;
				CURRENT_PROJECT_VERSION = 1;
				DEVELOPMENT_TEAM = PK2NRTCS5P;
				INFOPLIST_KEY_CFBundleDisplayName = Matronome;
				MARKETING_VERSION = 1.0;
				PRODUCT_BUNDLE_IDENTIFIER = com.yung.Matronome;
				PRODUCT_NAME = "$(TARGET_NAME)";
				SDKROOT = iphoneos;
				SWIFT_VERSION = 5.0;
				VALIDATE_PRODUCT = YES;
			};
			name = Release;
		};
/* End XCBuildConfiguration section */

/* Begin XCConfigurationList section */
		79A9AC16297BD72C00F31A15 /* Build configuration list for PBXProject "Matronome" */ = {
			isa = XCConfigurationList;
			buildConfigurations = (
				79A9AC2D297BD72D00F31A15 /* Debug */,
				79A9AC2E297BD72D00F31A15 /* Release */,
			);
			defaultConfigurationIsVisible = 0;
			defaultConfigurationName = Release;
		};
		79A9AC2F297BD72D00F31A15 /* Build configuration list for PBXNativeTarget "Matronome Watch App" */ = {
			isa = XCConfigurationList;
			buildConfigurations = (
				79A9AC30297BD72D00F31A15 /* Debug */,
				79A9AC31297BD72D00F31A15 /* Release */,
			);
			defaultConfigurationIsVisible = 0;
			defaultConfigurationName = Release;
		};
		79A9AC33297BD72D00F31A15 /* Build configuration list for PBXNativeTarget "Matronome" */ = {
			isa = XCConfigurationList;
			buildConfigurations = (
				79A9AC34297BD72D00F31A15 /* Debug */,
				79A9AC35297BD72D00F31A15 /* Release */,
			);
			defaultConfigurationIsVisible = 0;
			defaultConfigurationName = Release;
		};
/* End XCConfigurationList section */
	};
	rootObject = 79A9AC13297BD72C00F31A15 /* Project object */;
}
